
Microsoft Visual Studio Solution File, Format Version 12.00
# Visual Studio Version 16
VisualStudioVersion = 16.0.29123.88
MinimumVisualStudioVersion = 10.0.40219.1
Project("{FAE04EC0-301F-11D3-BF4B-00C04F79EFBC}") = "Console_Game", "Console_Game\Console_Game.csproj", "{9CBAEF6C-F510-406E-9AF0-52B966A15F36}"
EndProject
Global
	GlobalSection(SolutionConfigurationPlatforms) = preSolution
		Debug|Any CPU = Debug|Any CPU
		Release|Any CPU = Release|Any CPU
	EndGlobalSection
	GlobalSection(ProjectConfigurationPlatforms) = postSolution
		{9CBAEF6C-F510-406E-9AF0-52B966A15F36}.Debug|Any CPU.ActiveCfg = Debug|Any CPU
		{9CBAEF6C-F510-406E-9AF0-52B966A15F36}.Debug|Any CPU.Build.0 = Debug|Any CPU
		{9CBAEF6C-F510-406E-9AF0-52B966A15F36}.Release|Any CPU.ActiveCfg = Release|Any CPU
		{9CBAEF6C-F510-406E-9AF0-52B966A15F36}.Release|Any CPU.Build.0 = Release|Any CPU
	EndGlobalSection
	GlobalSection(SolutionProperties) = preSolution
		HideSolutionNode = FALSE
	EndGlobalSection
	GlobalSection(ExtensibilityGlobals) = postSolution
		SolutionGuid = {4FE4F7C9-A403-4846-B08E-89E9210777ED}
	EndGlobalSection
EndGlobal
